
Microsoft Visual Studio Solution File, Format Version 12.00
# Visual Studio Version 17
VisualStudioVersion = 17.8.34330.188
MinimumVisualStudioVersion = 10.0.40219.1
Project("{9A19103F-16F7-4668-BE54-9A1E7A4F7556}") = "CoreAPI", "FindPets\CoreAPI.csproj", "{D91B1E2D-891A-4061-9AD5-6EA9B33A60FE}"
EndProject
Project("{FAE04EC0-301F-11D3-BF4B-00C04F79EFBC}") = "PetsApi", "PetsApi\PetsApi.csproj", "{39634C49-7D29-452A-ABC9-3F142E503598}"
EndProject
Global
	GlobalSection(SolutionConfigurationPlatforms) = preSolution
		Debug|Any CPU = Debug|Any CPU
		Release|Any CPU = Release|Any CPU
	EndGlobalSection
	GlobalSection(ProjectConfigurationPlatforms) = postSolution
		{D91B1E2D-891A-4061-9AD5-6EA9B33A60FE}.Debug|Any CPU.ActiveCfg = Debug|Any CPU
		{D91B1E2D-891A-4061-9AD5-6EA9B33A60FE}.Debug|Any CPU.Build.0 = Debug|Any CPU
		{D91B1E2D-891A-4061-9AD5-6EA9B33A60FE}.Release|Any CPU.ActiveCfg = Release|Any CPU
		{D91B1E2D-891A-4061-9AD5-6EA9B33A60FE}.Release|Any CPU.Build.0 = Release|Any CPU
		{39634C49-7D29-452A-ABC9-3F142E503598}.Debug|Any CPU.ActiveCfg = Debug|Any CPU
		{39634C49-7D29-452A-ABC9-3F142E503598}.Debug|Any CPU.Build.0 = Debug|Any CPU
		{39634C49-7D29-452A-ABC9-3F142E503598}.Release|Any CPU.ActiveCfg = Release|Any CPU
		{39634C49-7D29-452A-ABC9-3F142E503598}.Release|Any CPU.Build.0 = Release|Any CPU
	EndGlobalSection
	GlobalSection(SolutionProperties) = preSolution
		HideSolutionNode = FALSE
	EndGlobalSection
	GlobalSection(ExtensibilityGlobals) = postSolution
		SolutionGuid = {B3D11E9A-67B1-43D4-9429-77D9C3BC464D}
	EndGlobalSection
EndGlobal
